
Microsoft Visual Studio Solution File, Format Version 12.00
# Visual Studio Version 17
VisualStudioVersion = 17.9.34701.34
MinimumVisualStudioVersion = 10.0.40219.1
Project("{FAE04EC0-301F-11D3-BF4B-00C04F79EFBC}") = "BuyCafe", "BuyCafe\BuyCafe.csproj", "{1E13F1D5-82B6-40C6-885A-C8368B8DD109}"
EndProject
Global
	GlobalSection(SolutionConfigurationPlatforms) = preSolution
		Debug|Any CPU = Debug|Any CPU
		Release|Any CPU = Release|Any CPU
	EndGlobalSection
	GlobalSection(ProjectConfigurationPlatforms) = postSolution
		{1E13F1D5-82B6-40C6-885A-C8368B8DD109}.Debug|Any CPU.ActiveCfg = Debug|Any CPU
		{1E13F1D5-82B6-40C6-885A-C8368B8DD109}.Debug|Any CPU.Build.0 = Debug|Any CPU
		{1E13F1D5-82B6-40C6-885A-C8368B8DD109}.Release|Any CPU.ActiveCfg = Release|Any CPU
		{1E13F1D5-82B6-40C6-885A-C8368B8DD109}.Release|Any CPU.Build.0 = Release|Any CPU
	EndGlobalSection
	GlobalSection(SolutionProperties) = preSolution
		HideSolutionNode = FALSE
	EndGlobalSection
	GlobalSection(ExtensibilityGlobals) = postSolution
		SolutionGuid = {4EF2EF90-43E2-4AED-A9A5-D4F7E0A1609E}
	EndGlobalSection
EndGlobal
